
Microsoft Visual Studio Solution File, Format Version 12.00
# Visual Studio 15
Project("{FAE04EC0-301F-11D3-BF4B-00C04F79EFBC}") = "moovyMagicRNM", "moovyMagicRNM\moovyMagicRNM.csproj", "{8875252C-DFB7-4E6A-99AE-9EFC7503D36A}"
EndProject
Project("{FAE04EC0-301F-11D3-BF4B-00C04F79EFBC}") = "moovyMagicRNM.Tests", "moovyMagicRNM.Tests\moovyMagicRNM.Tests.csproj", "{9C4FFC10-928A-440A-B6E3-D40C36E618EB}"
EndProject
Global
	GlobalSection(SolutionConfigurationPlatforms) = preSolution
		Debug|Any CPU = Debug|Any CPU
		Release|Any CPU = Release|Any CPU
	EndGlobalSection
	GlobalSection(ProjectConfigurationPlatforms) = postSolution
		{8875252C-DFB7-4E6A-99AE-9EFC7503D36A}.Debug|Any CPU.ActiveCfg = Debug|Any CPU
		{8875252C-DFB7-4E6A-99AE-9EFC7503D36A}.Debug|Any CPU.Build.0 = Debug|Any CPU
		{8875252C-DFB7-4E6A-99AE-9EFC7503D36A}.Release|Any CPU.ActiveCfg = Release|Any CPU
		{8875252C-DFB7-4E6A-99AE-9EFC7503D36A}.Release|Any CPU.Build.0 = Release|Any CPU
		{9C4FFC10-928A-440A-B6E3-D40C36E618EB}.Debug|Any CPU.ActiveCfg = Debug|Any CPU
		{9C4FFC10-928A-440A-B6E3-D40C36E618EB}.Debug|Any CPU.Build.0 = Debug|Any CPU
		{9C4FFC10-928A-440A-B6E3-D40C36E618EB}.Release|Any CPU.ActiveCfg = Release|Any CPU
		{9C4FFC10-928A-440A-B6E3-D40C36E618EB}.Release|Any CPU.Build.0 = Release|Any CPU
	EndGlobalSection
EndGlobal
